{
  "version": 1,
  "dependencies": {
    ".NETStandard,Version=v2.1": {
      "HtmlAgilityPack": {
        "type": "Direct",
        "requested": "[1.11.72, )",
        "resolved": "1.11.72",
        "contentHash": "RNLgXxTFdIGFI+o5l8c2aJ2L5StIRn9Uv8HKR76p7QP4ZUL26wzpWUCWh08xWUdkL2kocl+Xhv6VUu0rA1npVg=="
      },
      "Microsoft.Extensions.DependencyInjection": {
        "type": "Direct",
        "requested": "[9.0.2, )",
        "resolved": "9.0.2",
        "contentHash": "ZffbJrskOZ40JTzcTyKwFHS5eACSWp2bUQBBApIgGV+es8RaTD4OxUG7XxFr3RIPLXtYQ1jQzF2DjKB5fZn7Qg==",
        "dependencies": {
          "Microsoft.Extensions.DependencyInjection.Abstractions": "9.0.2"
        }
      },
      "Newtonsoft.Json.Schema": {
        "type": "Direct",
        "requested": "[4.0.1, )",
        "resolved": "4.0.1",
        "contentHash": "rbHUKp5WTIbqmLEeJ21nTTDGcfR0LA7bVMzm0bYc3yx6NFKiCIHzzvYbwA4Sqgs7+wNldc5nBlkbithWj8IZig==",
        "dependencies": {
          "Newtonsoft.Json": "13.0.3"
        }
      },
      "System.Text.Json": {
        "type": "Direct",
        "requested": "[9.0.7, )",
        "resolved": "9.0.7",
        "contentHash": "u/lN2FEEXs3ghj2ta8tWA4r2MS9Yni07K7jDmnz8h1UPDf0lIIIEMkWx383Zz4fJjJio7gDl+00RYuQ/7R8ZQw==",
        "dependencies": {
          "Microsoft.Bcl.AsyncInterfaces": "9.0.7",
          "System.Buffers": "4.5.1",
          "System.IO.Pipelines": "9.0.7",
          "System.Memory": "4.5.5",
          "System.Runtime.CompilerServices.Unsafe": "6.0.0",
          "System.Text.Encodings.Web": "9.0.7",
          "System.Threading.Tasks.Extensions": "4.5.4"
        }
      },
      "Microsoft.Bcl.AsyncInterfaces": {
        "type": "Transitive",
        "resolved": "9.0.7",
        "contentHash": "oVWiFz94Y00WdwBPFJzmwZtX+jmK9h8Q1pED4qKGvVuuWUOP/JRSRtCnqV6XXOxs8SbTF6JEU8FHPuWBlrjEuA=="
      },
      "Microsoft.Extensions.DependencyInjection.Abstractions": {
        "type": "Transitive",
        "resolved": "9.0.2",
        "contentHash": "MNe7GSTBf3jQx5vYrXF0NZvn6l7hUKF6J54ENfAgCO8y6xjN1XUmKKWG464LP2ye6QqDiA1dkaWEZBYnhoZzjg=="
      },
      "Newtonsoft.Json": {
        "type": "Transitive",
        "resolved": "13.0.3",
        "contentHash": "HrC5BXdl00IP9zeV+0Z848QWPAoCr9P3bDEZguI+gkLcBKAOxix/tLEAAHC+UvDNPv4a2d18lOReHMOagPa+zQ=="
      },
      "System.Buffers": {
        "type": "Transitive",
        "resolved": "4.5.1",
        "contentHash": "Rw7ijyl1qqRS0YQD/WycNst8hUUMgrMH4FCn1nNm27M4VxchZ1js3fVjQaANHO5f3sN4isvP4a+Met9Y4YomAg=="
      },
      "System.IO.Pipelines": {
        "type": "Transitive",
        "resolved": "9.0.7",
        "contentHash": "I9KHYFNKQkufs/Ec7evpPPSu2HkuW+jNpq1kT0WOWjzuN6BjxRYy7CuWNLjQmuBzcKd9vKrHaPGcHVxSF5DadQ==",
        "dependencies": {
          "System.Buffers": "4.5.1",
          "System.Memory": "4.5.5",
          "System.Threading.Tasks.Extensions": "4.5.4"
        }
      },
      "System.Memory": {
        "type": "Transitive",
        "resolved": "4.5.5",
        "contentHash": "XIWiDvKPXaTveaB7HVganDlOCRoj03l+jrwNvcge/t8vhGYKvqV+dMv6G4SAX2NoNmN0wZfVPTAlFwZcZvVOUw==",
        "dependencies": {
          "System.Buffers": "4.5.1",
          "System.Numerics.Vectors": "4.4.0",
          "System.Runtime.CompilerServices.Unsafe": "4.5.3"
        }
      },
      "System.Numerics.Vectors": {
        "type": "Transitive",
        "resolved": "4.4.0",
        "contentHash": "UiLzLW+Lw6HLed1Hcg+8jSRttrbuXv7DANVj0DkL9g6EnnzbL75EB7EWsw5uRbhxd/4YdG8li5XizGWepmG3PQ=="
      },
      "System.Runtime.CompilerServices.Unsafe": {
        "type": "Transitive",
        "resolved": "6.0.0",
        "contentHash": "/iUeP3tq1S0XdNNoMz5C9twLSrM/TH+qElHkXWaPvuNOt+99G75NrV0OS2EqHx5wMN7popYjpc8oTjC1y16DLg=="
      },
      "System.Text.Encodings.Web": {
        "type": "Transitive",
        "resolved": "9.0.7",
        "contentHash": "WswuKENaV4gC4ZYZi8BhehJHHRdyZQzXEYv/lV8DHW9FwkdnKaTutdRbK/S1wHZtKUUzzptBPAX2XOxdoURkMw==",
        "dependencies": {
          "System.Buffers": "4.5.1",
          "System.Memory": "4.5.5",
          "System.Runtime.CompilerServices.Unsafe": "6.0.0"
        }
      },
      "System.Threading.Tasks.Extensions": {
        "type": "Transitive",
        "resolved": "4.5.4",
        "contentHash": "zteT+G8xuGu6mS+mzDzYXbzS7rd3K6Fjb9RiZlYlJPam2/hU7JCBZBVEcywNuR+oZ1ncTvc/cq0faRr3P01OVg==",
        "dependencies": {
          "System.Runtime.CompilerServices.Unsafe": "4.5.3"
        }
      }
    }
  }
}